{
  "version": 4,
  "terraform_version": "1.14.3",
  "serial": 10,
  "lineage": "395bb5a7-8b92-fc6b-9165-787d03d7a66c",
  "outputs": {
    "app_service_url": {
      "value": "https://app-azure26-ac68io.azurewebsites.net",
      "type": "string"
    }
  },
  "resources": [
    {
      "mode": "managed",
      "type": "azurerm_linux_web_app",
      "name": "app",
      "provider": "provider[\"registry.terraform.io/hashicorp/azurerm\"]",
      "instances": [
        {
          "schema_version": 0,
          "attributes": {
            "app_settings": {
              "WEBSITE_RUN_FROM_PACKAGE": "1"
            },
            "auth_settings": [
              {
                "active_directory": [],
                "additional_login_parameters": {},
                "allowed_external_redirect_urls": [],
                "default_provider": "",
                "enabled": false,
                "facebook": [],
                "github": [],
                "google": [],
                "issuer": "",
                "microsoft": [],
                "runtime_version": "",
                "token_refresh_extension_hours": 0,
                "token_store_enabled": false,
                "twitter": [],
                "unauthenticated_client_action": ""
              }
            ],
            "backup": [],
            "client_affinity_enabled": false,
            "client_certificate_enabled": false,
            "client_certificate_mode": "Required",
            "connection_string": [],
            "custom_domain_verification_id": "9F1A0326C8A168C278BB774F8BEEAAAF58CFB95121227520A9FEEDE6692CDC8D",
            "default_hostname": "app-azure26-ac68io.azurewebsites.net",
            "enabled": true,
            "https_only": false,
            "id": "/subscriptions/442b45a3-01be-4f9c-88b2-bf2a51182c5b/resourceGroups/azure26/providers/Microsoft.Web/sites/app-azure26-ac68io",
            "identity": [],
            "key_vault_reference_identity_id": "SystemAssigned",
            "kind": "app,linux",
            "location": "eastus",
            "logs": [],
            "name": "app-azure26-ac68io",
            "outbound_ip_address_list": [
              "52.224.90.16",
              "52.224.90.48",
              "52.224.90.83",
              "52.224.90.97",
              "52.224.90.203",
              "52.224.90.213",
              "57.152.65.248",
              "52.224.93.79",
              "52.224.89.197",
              "52.224.93.174",
              "52.224.93.182",
              "52.224.93.216",
              "20.119.0.59"
            ],
            "outbound_ip_addresses": "52.224.90.16,52.224.90.48,52.224.90.83,52.224.90.97,52.224.90.203,52.224.90.213,57.152.65.248,52.224.93.79,52.224.89.197,52.224.93.174,52.224.93.182,52.224.93.216,20.119.0.59",
            "possible_outbound_ip_address_list": [
              "52.224.90.16",
              "52.224.90.48",
              "52.224.90.83",
              "52.224.90.97",
              "52.224.90.203",
              "52.224.90.213",
              "57.152.65.248",
              "52.224.93.79",
              "52.224.89.197",
              "52.224.93.174",
              "52.224.93.182",
              "52.224.93.216",
              "52.224.94.43",
              "52.224.94.69",
              "52.224.94.106",
              "52.224.94.152",
              "52.224.95.189",
              "52.224.95.194",
              "52.224.89.233",
              "52.191.88.8",
              "52.191.93.135",
              "52.191.93.137",
              "52.249.238.23",
              "52.224.90.43",
              "52.224.90.252",
              "52.224.91.177",
              "52.224.91.242",
              "52.224.92.49",
              "52.224.92.57",
              "52.224.92.157",
              "20.119.0.59"
            ],
            "possible_outbound_ip_addresses": "52.224.90.16,52.224.90.48,52.224.90.83,52.224.90.97,52.224.90.203,52.224.90.213,57.152.65.248,52.224.93.79,52.224.89.197,52.224.93.174,52.224.93.182,52.224.93.216,52.224.94.43,52.224.94.69,52.224.94.106,52.224.94.152,52.224.95.189,52.224.95.194,52.224.89.233,52.191.88.8,52.191.93.135,52.191.93.137,52.249.238.23,52.224.90.43,52.224.90.252,52.224.91.177,52.224.91.242,52.224.92.49,52.224.92.57,52.224.92.157,20.119.0.59",
            "resource_group_name": "azure26",
            "service_plan_id": "/subscriptions/442b45a3-01be-4f9c-88b2-bf2a51182c5b/resourceGroups/azure26/providers/Microsoft.Web/serverfarms/asp-azure26",
            "site_config": [
              {
                "always_on": true,
                "api_definition_url": "",
                "api_management_api_id": "",
                "app_command_line": "",
                "application_stack": [
                  {
                    "docker_image": "",
                    "docker_image_tag": "",
                    "dotnet_version": "",
                    "java_server": "",
                    "java_server_version": "",
                    "java_version": "",
                    "node_version": "16-lts",
                    "php_version": "",
                    "python_version": "",
                    "ruby_version": ""
                  }
                ],
                "auto_heal_enabled": false,
                "auto_heal_setting": [],
                "container_registry_managed_identity_client_id": "",
                "container_registry_use_managed_identity": false,
                "cors": [],
                "default_documents": [
                  "Default.htm",
                  "Default.html",
                  "Default.asp",
                  "index.htm",
                  "index.html",
                  "iisstart.htm",
                  "default.aspx",
                  "index.php",
                  "hostingstart.html"
                ],
                "detailed_error_logging_enabled": false,
                "ftps_state": "Disabled",
                "health_check_eviction_time_in_min": 0,
                "health_check_path": "",
                "http2_enabled": false,
                "ip_restriction": [],
                "linux_fx_version": "NODE|16-lts",
                "load_balancing_mode": "LeastRequests",
                "local_mysql_enabled": false,
                "managed_pipeline_mode": "Integrated",
                "minimum_tls_version": "1.2",
                "remote_debugging_enabled": false,
                "remote_debugging_version": "VS2022",
                "scm_ip_restriction": [],
                "scm_minimum_tls_version": "1.2",
                "scm_type": "None",
                "scm_use_main_ip_restriction": false,
                "use_32_bit_worker": true,
                "vnet_route_all_enabled": false,
                "websockets_enabled": false,
                "worker_count": 1
              }
            ],
            "site_credential": [
              {
                "name": "$app-azure26-ac68io",
                "password": "qgxcEavJyvLuuBPqxefQftzpvWfB1Y8bLtDjLlDb0fKdTFrdrAzDspfd8mQE"
              }
            ],
            "storage_account": [],
            "tags": null,
            "timeouts": null
          },
          "sensitive_attributes": [
            [
              {
                "type": "get_attr",
                "value": "custom_domain_verification_id"
              }
            ]
          ],
          "identity_schema_version": 0,
          "private": "eyJlMmJmYjczMC1lY2FhLTExZTYtOGY4OC0zNDM2M2JjN2M0YzAiOnsiY3JlYXRlIjoxODAwMDAwMDAwMDAwLCJkZWxldGUiOjE4MDAwMDAwMDAwMDAsInJlYWQiOjMwMDAwMDAwMDAwMCwidXBkYXRlIjoxODAwMDAwMDAwMDAwfX0=",
          "dependencies": [
            "azurerm_resource_group.rg",
            "azurerm_service_plan.asp",
            "random_string.suffix"
          ]
        }
      ]
    },
    {
      "mode": "managed",
      "type": "azurerm_resource_group",
      "name": "rg",
      "provider": "provider[\"registry.terraform.io/hashicorp/azurerm\"]",
      "instances": [
        {
          "schema_version": 0,
          "attributes": {
            "id": "/subscriptions/442b45a3-01be-4f9c-88b2-bf2a51182c5b/resourceGroups/azure26",
            "location": "eastus",
            "name": "azure26",
            "tags": {},
            "timeouts": null
          },
          "sensitive_attributes": [],
          "identity_schema_version": 0,
          "private": "eyJlMmJmYjczMC1lY2FhLTExZTYtOGY4OC0zNDM2M2JjN2M0YzAiOnsiY3JlYXRlIjo1NDAwMDAwMDAwMDAwLCJkZWxldGUiOjU0MDAwMDAwMDAwMDAsInJlYWQiOjMwMDAwMDAwMDAwMCwidXBkYXRlIjo1NDAwMDAwMDAwMDAwfX0="
        }
      ]
    },
    {
      "mode": "managed",
      "type": "azurerm_service_plan",
      "name": "asp",
      "provider": "provider[\"registry.terraform.io/hashicorp/azurerm\"]",
      "instances": [
        {
          "schema_version": 0,
          "attributes": {
            "app_service_environment_id": "",
            "id": "/subscriptions/442b45a3-01be-4f9c-88b2-bf2a51182c5b/resourceGroups/azure26/providers/Microsoft.Web/serverfarms/asp-azure26",
            "kind": "linux",
            "location": "eastus",
            "maximum_elastic_worker_count": 1,
            "name": "asp-azure26",
            "os_type": "Linux",
            "per_site_scaling_enabled": false,
            "reserved": true,
            "resource_group_name": "azure26",
            "sku_name": "B1",
            "tags": null,
            "timeouts": null,
            "worker_count": 1
          },
          "sensitive_attributes": [],
          "identity_schema_version": 0,
          "private": "eyJlMmJmYjczMC1lY2FhLTExZTYtOGY4OC0zNDM2M2JjN2M0YzAiOnsiY3JlYXRlIjozNjAwMDAwMDAwMDAwLCJkZWxldGUiOjM2MDAwMDAwMDAwMDAsInJlYWQiOjMwMDAwMDAwMDAwMCwidXBkYXRlIjozNjAwMDAwMDAwMDAwfX0=",
          "dependencies": [
            "azurerm_resource_group.rg"
          ]
        }
      ]
    },
    {
      "mode": "managed",
      "type": "azurerm_static_site",
      "name": "front1",
      "provider": "provider[\"registry.terraform.io/hashicorp/azurerm\"]",
      "instances": [
        {
          "schema_version": 0,
          "attributes": {
            "api_key": "03686e94748dba514ab9cc2818068a2650afc0549e42be93cacd7b29303ac6cd06-12e50a05-d9e5-40ff-b8cc-d5393bf6fa8200f0130099d6560f",
            "default_host_name": "black-bush-099d6560f.6.azurestaticapps.net",
            "id": "/subscriptions/442b45a3-01be-4f9c-88b2-bf2a51182c5b/resourceGroups/azure26/providers/Microsoft.Web/staticSites/front1",
            "identity": [],
            "location": "eastus2",
            "name": "front1",
            "resource_group_name": "azure26",
            "sku_size": "Free",
            "sku_tier": "Free",
            "tags": {},
            "timeouts": null
          },
          "sensitive_attributes": [],
          "identity_schema_version": 0,
          "private": "eyJlMmJmYjczMC1lY2FhLTExZTYtOGY4OC0zNDM2M2JjN2M0YzAiOnsiY3JlYXRlIjoxODAwMDAwMDAwMDAwLCJkZWxldGUiOjE4MDAwMDAwMDAwMDAsInJlYWQiOjMwMDAwMDAwMDAwMCwidXBkYXRlIjoxODAwMDAwMDAwMDAwfX0=",
          "dependencies": [
            "azurerm_resource_group.rg"
          ]
        }
      ]
    },
    {
      "mode": "managed",
      "type": "azurerm_subnet",
      "name": "subnet",
      "provider": "provider[\"registry.terraform.io/hashicorp/azurerm\"]",
      "instances": [
        {
          "schema_version": 0,
          "attributes": {
            "address_prefixes": [
              "10.0.0.0/24"
            ],
            "delegation": [],
            "enforce_private_link_endpoint_network_policies": false,
            "enforce_private_link_service_network_policies": false,
            "id": "/subscriptions/442b45a3-01be-4f9c-88b2-bf2a51182c5b/resourceGroups/azure26/providers/Microsoft.Network/virtualNetworks/eazure26/subnets/apps",
            "name": "apps",
            "resource_group_name": "azure26",
            "service_endpoint_policy_ids": [],
            "service_endpoints": [],
            "timeouts": null,
            "virtual_network_name": "eazure26"
          },
          "sensitive_attributes": [],
          "identity_schema_version": 0,
          "private": "eyJlMmJmYjczMC1lY2FhLTExZTYtOGY4OC0zNDM2M2JjN2M0YzAiOnsiY3JlYXRlIjoxODAwMDAwMDAwMDAwLCJkZWxldGUiOjE4MDAwMDAwMDAwMDAsInJlYWQiOjMwMDAwMDAwMDAwMCwidXBkYXRlIjoxODAwMDAwMDAwMDAwfX0=",
          "dependencies": [
            "azurerm_resource_group.rg",
            "azurerm_virtual_network.vnet"
          ]
        }
      ]
    },
    {
      "mode": "managed",
      "type": "azurerm_virtual_network",
      "name": "vnet",
      "provider": "provider[\"registry.terraform.io/hashicorp/azurerm\"]",
      "instances": [
        {
          "schema_version": 0,
          "attributes": {
            "address_space": [
              "10.0.0.0/16"
            ],
            "bgp_community": "",
            "ddos_protection_plan": [],
            "dns_servers": [],
            "edge_zone": "",
            "flow_timeout_in_minutes": 0,
            "guid": "46ec3db3-3be4-4354-b807-2656e1c13dcf",
            "id": "/subscriptions/442b45a3-01be-4f9c-88b2-bf2a51182c5b/resourceGroups/azure26/providers/Microsoft.Network/virtualNetworks/eazure26",
            "location": "eastus",
            "name": "eazure26",
            "resource_group_name": "azure26",
            "subnet": [
              {
                "address_prefix": "10.0.0.0/24",
                "id": "/subscriptions/442b45a3-01be-4f9c-88b2-bf2a51182c5b/resourceGroups/azure26/providers/Microsoft.Network/virtualNetworks/eazure26/subnets/apps",
                "name": "apps",
                "security_group": ""
              }
            ],
            "tags": {},
            "timeouts": null
          },
          "sensitive_attributes": [],
          "identity_schema_version": 0,
          "private": "eyJlMmJmYjczMC1lY2FhLTExZTYtOGY4OC0zNDM2M2JjN2M0YzAiOnsiY3JlYXRlIjoxODAwMDAwMDAwMDAwLCJkZWxldGUiOjE4MDAwMDAwMDAwMDAsInJlYWQiOjMwMDAwMDAwMDAwMCwidXBkYXRlIjoxODAwMDAwMDAwMDAwfX0=",
          "dependencies": [
            "azurerm_resource_group.rg"
          ]
        }
      ]
    },
    {
      "mode": "managed",
      "type": "random_string",
      "name": "suffix",
      "provider": "provider[\"registry.terraform.io/hashicorp/random\"]",
      "instances": [
        {
          "schema_version": 2,
          "attributes": {
            "id": "ac68io",
            "keepers": null,
            "length": 6,
            "lower": true,
            "min_lower": 0,
            "min_numeric": 0,
            "min_special": 0,
            "min_upper": 0,
            "number": true,
            "numeric": true,
            "override_special": null,
            "result": "ac68io",
            "special": false,
            "upper": false
          },
          "sensitive_attributes": [],
          "identity_schema_version": 0
        }
      ]
    }
  ],
  "check_results": null
}
